
Microsoft Visual Studio Solution File, Format Version 12.00
# Visual Studio Version 16
VisualStudioVersion = 16.0.31129.286
MinimumVisualStudioVersion = 10.0.40219.1
Project("{FAE04EC0-301F-11D3-BF4B-00C04F79EFBC}") = "ImageMagic", "yoxla2\ImageMagic.csproj", "{58A9EBAA-18DD-4A07-8430-15041C83C7A2}"
EndProject
Global
	GlobalSection(SolutionConfigurationPlatforms) = preSolution
		Debug|Any CPU = Debug|Any CPU
		Release|Any CPU = Release|Any CPU
	EndGlobalSection
	GlobalSection(ProjectConfigurationPlatforms) = postSolution
		{58A9EBAA-18DD-4A07-8430-15041C83C7A2}.Debug|Any CPU.ActiveCfg = Debug|Any CPU
		{58A9EBAA-18DD-4A07-8430-15041C83C7A2}.Debug|Any CPU.Build.0 = Debug|Any CPU
		{58A9EBAA-18DD-4A07-8430-15041C83C7A2}.Release|Any CPU.ActiveCfg = Release|Any CPU
		{58A9EBAA-18DD-4A07-8430-15041C83C7A2}.Release|Any CPU.Build.0 = Release|Any CPU
	EndGlobalSection
	GlobalSection(SolutionProperties) = preSolution
		HideSolutionNode = FALSE
	EndGlobalSection
	GlobalSection(ExtensibilityGlobals) = postSolution
		SolutionGuid = {5F82263A-8EBD-4367-9C28-D3E43D0F5AE3}
	EndGlobalSection
EndGlobal
